
Microsoft Visual Studio Solution File, Format Version 12.00
# Visual Studio 14
VisualStudioVersion = 14.0.25420.1
MinimumVisualStudioVersion = 10.0.40219.1
Project("{FAE04EC0-301F-11D3-BF4B-00C04F79EFBC}") = "PeopleSearchMvc", "PeopleSearchMvc\PeopleSearchMvc.csproj", "{446143F3-7932-4CF7-9A03-F56719DBE1C6}"
EndProject
Project("{FAE04EC0-301F-11D3-BF4B-00C04F79EFBC}") = "PeopleSearchMVCUnitTest", "PeopleSearchMVCUnitTest\PeopleSearchMVCUnitTest.csproj", "{CBA15E0E-BE2E-4FBC-8720-B9AFBEAAF36E}"
EndProject
Global
	GlobalSection(SolutionConfigurationPlatforms) = preSolution
		Debug|Any CPU = Debug|Any CPU
		Release|Any CPU = Release|Any CPU
	EndGlobalSection
	GlobalSection(ProjectConfigurationPlatforms) = postSolution
		{446143F3-7932-4CF7-9A03-F56719DBE1C6}.Debug|Any CPU.ActiveCfg = Debug|Any CPU
		{446143F3-7932-4CF7-9A03-F56719DBE1C6}.Debug|Any CPU.Build.0 = Debug|Any CPU
		{446143F3-7932-4CF7-9A03-F56719DBE1C6}.Release|Any CPU.ActiveCfg = Release|Any CPU
		{446143F3-7932-4CF7-9A03-F56719DBE1C6}.Release|Any CPU.Build.0 = Release|Any CPU
		{CBA15E0E-BE2E-4FBC-8720-B9AFBEAAF36E}.Debug|Any CPU.ActiveCfg = Debug|Any CPU
		{CBA15E0E-BE2E-4FBC-8720-B9AFBEAAF36E}.Debug|Any CPU.Build.0 = Debug|Any CPU
		{CBA15E0E-BE2E-4FBC-8720-B9AFBEAAF36E}.Release|Any CPU.ActiveCfg = Release|Any CPU
		{CBA15E0E-BE2E-4FBC-8720-B9AFBEAAF36E}.Release|Any CPU.Build.0 = Release|Any CPU
	EndGlobalSection
	GlobalSection(SolutionProperties) = preSolution
		HideSolutionNode = FALSE
	EndGlobalSection
EndGlobal
